
Microsoft Visual Studio Solution File, Format Version 12.00
# Visual Studio Version 16
VisualStudioVersion = 16.0.31112.23
MinimumVisualStudioVersion = 10.0.40219.1
Project("{FAE04EC0-301F-11D3-BF4B-00C04F79EFBC}") = "Culculator", "Culculator.csproj", "{0DE67265-BC6F-4B84-AEC8-D4C764CADF38}"
EndProject
Global
	GlobalSection(SolutionConfigurationPlatforms) = preSolution
		Debug|Any CPU = Debug|Any CPU
		Release|Any CPU = Release|Any CPU
	EndGlobalSection
	GlobalSection(ProjectConfigurationPlatforms) = postSolution
		{0DE67265-BC6F-4B84-AEC8-D4C764CADF38}.Debug|Any CPU.ActiveCfg = Debug|Any CPU
		{0DE67265-BC6F-4B84-AEC8-D4C764CADF38}.Debug|Any CPU.Build.0 = Debug|Any CPU
		{0DE67265-BC6F-4B84-AEC8-D4C764CADF38}.Release|Any CPU.ActiveCfg = Release|Any CPU
		{0DE67265-BC6F-4B84-AEC8-D4C764CADF38}.Release|Any CPU.Build.0 = Release|Any CPU
	EndGlobalSection
	GlobalSection(SolutionProperties) = preSolution
		HideSolutionNode = FALSE
	EndGlobalSection
	GlobalSection(ExtensibilityGlobals) = postSolution
		SolutionGuid = {A7446BEA-82C2-4ABF-8518-BB57A2E602D1}
	EndGlobalSection
EndGlobal
